{
  "version": "4",
  "specifiers": {
    "jsr:@cosense/std@0.29": "0.29.1",
    "jsr:@cosense/types@0.10": "0.10.1",
    "jsr:@progfay/scrapbox-parser@9": "9.1.5",
    "jsr:@std/assert@1": "1.0.6",
    "jsr:@std/assert@^1.0.6": "1.0.6",
    "jsr:@std/fs@^1.0.4": "1.0.4",
    "jsr:@std/internal@^1.0.4": "1.0.4",
    "jsr:@std/path@1": "1.0.6",
    "jsr:@std/path@^1.0.6": "1.0.6",
    "jsr:@std/semver@1": "1.0.3",
    "jsr:@std/testing@1": "1.0.3",
    "npm:option-t@50": "50.0.0"
  },
  "jsr": {
    "@cosense/std@0.29.1": {
      "integrity": "797c393fe9874079d42b18055c0c1b754e1d771f29c0dd2d21f9d8530b618ae6"
    },
    "@cosense/types@0.10.1": {
      "integrity": "13d2488a02c7b0b035a265bc3299affbdab1ea5b607516379685965cd37b2058"
    },
    "@progfay/scrapbox-parser@9.1.5": {
      "integrity": "729a086b6675dd4a216875757c918c6bbea329d6e35e410516a16bbd6c468369"
    },
    "@std/assert@1.0.6": {
      "integrity": "1904c05806a25d94fe791d6d883b685c9e2dcd60e4f9fc30f4fc5cf010c72207",
      "dependencies": [
        "jsr:@std/internal"
      ]
    },
    "@std/fs@1.0.4": {
      "integrity": "2907d32d8d1d9e540588fd5fe0ec21ee638134bd51df327ad4e443aaef07123c",
      "dependencies": [
        "jsr:@std/path@^1.0.6"
      ]
    },
    "@std/internal@1.0.4": {
      "integrity": "62e8e4911527e5e4f307741a795c0b0a9e6958d0b3790716ae71ce085f755422"
    },
    "@std/path@1.0.6": {
      "integrity": "ab2c55f902b380cf28e0eec501b4906e4c1960d13f00e11cfbcd21de15f18fed"
    },
    "@std/semver@1.0.3": {
      "integrity": "7c139c6076a080eeaa4252c78b95ca5302818d7eafab0470d34cafd9930c13c8"
    },
    "@std/testing@1.0.3": {
      "integrity": "f98c2bee53860a5916727d7e7d3abe920dd6f9edace022e2d059f00d05c2cf42",
      "dependencies": [
        "jsr:@std/assert@^1.0.6",
        "jsr:@std/fs",
        "jsr:@std/internal",
        "jsr:@std/path@^1.0.6"
      ]
    }
  },
  "npm": {
    "option-t@50.0.0": {
      "integrity": "sha512-zHw9Et+SfAx3Xtl9LagyAjyyzC3pNONEinTAOmZN2IKL0dYa6dthjzwuSRueJ2gLkaTiinQjRDGo/1mKSl70hg=="
    }
  },
  "remote": {
    "https://raw.githubusercontent.com/takker99/esbuild-wasm-no-blob/0.23.0/common.ts": "cc5da746a610bac9a958b263894314e15458cadfffee3e92ad2b9f59d0ead49e",
    "https://raw.githubusercontent.com/takker99/esbuild-wasm-no-blob/0.23.0/mod.ts": "be014901d8a66b2fbb5b8ff5304953520fc466db935958bd7f317caefd80b9d0",
    "https://raw.githubusercontent.com/takker99/esbuild-wasm-no-blob/0.23.0/stdio_protocol.ts": "7f41e8fc04649d84d055889e2b4b0d55b0372d85e608ffe6b8620ccccb9764d0",
    "https://raw.githubusercontent.com/takker99/esbuild-wasm-no-blob/0.23.0/types.ts": "d8706beb586cf416545aeb492f9ba5cca5e6c3bf894caabf754e408aa9d6a2b6",
    "https://raw.githubusercontent.com/takker99/esbuild-wasm-no-blob/0.23.0/version.ts": "85c58b6210e39222a81253273e15bcc76ccc3fe162fc2d888f2b1fe2fddd3a4e"
  }
}
